
Microsoft Visual Studio Solution File, Format Version 12.00
# Visual Studio Version 17
VisualStudioVersion = 17.14.36705.20 d17.14
MinimumVisualStudioVersion = 10.0.40219.1
Project("{FAE04EC0-301F-11D3-BF4B-00C04F79EFBC}") = "Sovelluskehitys_sqlite", "Sovelluskehitys_sqlite\Sovelluskehitys_sqlite.csproj", "{3FFBAD9D-CEA9-4B4F-8AE2-0C99855A4E24}"
EndProject
Global
	GlobalSection(SolutionConfigurationPlatforms) = preSolution
		Debug|Any CPU = Debug|Any CPU
		Release|Any CPU = Release|Any CPU
	EndGlobalSection
	GlobalSection(ProjectConfigurationPlatforms) = postSolution
		{3FFBAD9D-CEA9-4B4F-8AE2-0C99855A4E24}.Debug|Any CPU.ActiveCfg = Debug|Any CPU
		{3FFBAD9D-CEA9-4B4F-8AE2-0C99855A4E24}.Debug|Any CPU.Build.0 = Debug|Any CPU
		{3FFBAD9D-CEA9-4B4F-8AE2-0C99855A4E24}.Release|Any CPU.ActiveCfg = Release|Any CPU
		{3FFBAD9D-CEA9-4B4F-8AE2-0C99855A4E24}.Release|Any CPU.Build.0 = Release|Any CPU
	EndGlobalSection
	GlobalSection(SolutionProperties) = preSolution
		HideSolutionNode = FALSE
	EndGlobalSection
	GlobalSection(ExtensibilityGlobals) = postSolution
		SolutionGuid = {0D5503E9-68BC-4403-B442-C8515C2A1470}
	EndGlobalSection
EndGlobal
